
Microsoft Visual Studio Solution File, Format Version 12.00
# Visual Studio Version 16
VisualStudioVersion = 16.0.31729.503
MinimumVisualStudioVersion = 10.0.40219.1
Project("{8BC9CEB8-8B4A-11D0-8D11-00A0C91BC942}") = "hw5", "hw5\hw5.vcxproj", "{BA4C4DCA-5A12-4B6C-918E-0F51D78C8A9D}"
EndProject
Global
	GlobalSection(SolutionConfigurationPlatforms) = preSolution
		Debug|x64 = Debug|x64
		Debug|x86 = Debug|x86
		Release|x64 = Release|x64
		Release|x86 = Release|x86
	EndGlobalSection
	GlobalSection(ProjectConfigurationPlatforms) = postSolution
		{BA4C4DCA-5A12-4B6C-918E-0F51D78C8A9D}.Debug|x64.ActiveCfg = Debug|x64
		{BA4C4DCA-5A12-4B6C-918E-0F51D78C8A9D}.Debug|x64.Build.0 = Debug|x64
		{BA4C4DCA-5A12-4B6C-918E-0F51D78C8A9D}.Debug|x86.ActiveCfg = Debug|Win32
		{BA4C4DCA-5A12-4B6C-918E-0F51D78C8A9D}.Debug|x86.Build.0 = Debug|Win32
		{BA4C4DCA-5A12-4B6C-918E-0F51D78C8A9D}.Release|x64.ActiveCfg = Release|x64
		{BA4C4DCA-5A12-4B6C-918E-0F51D78C8A9D}.Release|x64.Build.0 = Release|x64
		{BA4C4DCA-5A12-4B6C-918E-0F51D78C8A9D}.Release|x86.ActiveCfg = Release|Win32
		{BA4C4DCA-5A12-4B6C-918E-0F51D78C8A9D}.Release|x86.Build.0 = Release|Win32
	EndGlobalSection
	GlobalSection(SolutionProperties) = preSolution
		HideSolutionNode = FALSE
	EndGlobalSection
	GlobalSection(ExtensibilityGlobals) = postSolution
		SolutionGuid = {A707F01A-C66F-4D72-8112-93BD633B484B}
	EndGlobalSection
EndGlobal
